
Microsoft Visual Studio Solution File, Format Version 12.00
# Visual Studio Version 17
VisualStudioVersion = 17.4.33205.214
MinimumVisualStudioVersion = 10.0.40219.1
Project("{FAE04EC0-301F-11D3-BF4B-00C04F79EFBC}") = "BasicProgram", "BasicProgram\BasicProgram.csproj", "{0C2B10F4-B940-4725-BC77-B744348DF56B}"
EndProject
Global
	GlobalSection(SolutionConfigurationPlatforms) = preSolution
		Debug|Any CPU = Debug|Any CPU
		Release|Any CPU = Release|Any CPU
	EndGlobalSection
	GlobalSection(ProjectConfigurationPlatforms) = postSolution
		{0C2B10F4-B940-4725-BC77-B744348DF56B}.Debug|Any CPU.ActiveCfg = Debug|Any CPU
		{0C2B10F4-B940-4725-BC77-B744348DF56B}.Debug|Any CPU.Build.0 = Debug|Any CPU
		{0C2B10F4-B940-4725-BC77-B744348DF56B}.Release|Any CPU.ActiveCfg = Release|Any CPU
		{0C2B10F4-B940-4725-BC77-B744348DF56B}.Release|Any CPU.Build.0 = Release|Any CPU
	EndGlobalSection
	GlobalSection(SolutionProperties) = preSolution
		HideSolutionNode = FALSE
	EndGlobalSection
	GlobalSection(ExtensibilityGlobals) = postSolution
		SolutionGuid = {E6ABF7C9-7D23-42C0-834A-40BBDE300BDB}
	EndGlobalSection
EndGlobal
